
Microsoft Visual Studio Solution File, Format Version 12.00
# Visual Studio 15
VisualStudioVersion = 15.0.28307.572
MinimumVisualStudioVersion = 10.0.40219.1
Project("{FAE04EC0-301F-11D3-BF4B-00C04F79EFBC}") = "Entidades", "Entidades\Entidades.csproj", "{F5AC67CB-8FAC-4208-B29A-49FB2E277EFE}"
EndProject
Project("{FAE04EC0-301F-11D3-BF4B-00C04F79EFBC}") = "MiCalculadora", "MiCalculadora\MiCalculadora.csproj", "{7C38E387-6B1C-4AAB-ABDF-1A2174591DEA}"
EndProject
Global
	GlobalSection(SolutionConfigurationPlatforms) = preSolution
		Debug|Any CPU = Debug|Any CPU
		Release|Any CPU = Release|Any CPU
	EndGlobalSection
	GlobalSection(ProjectConfigurationPlatforms) = postSolution
		{F5AC67CB-8FAC-4208-B29A-49FB2E277EFE}.Debug|Any CPU.ActiveCfg = Debug|Any CPU
		{F5AC67CB-8FAC-4208-B29A-49FB2E277EFE}.Debug|Any CPU.Build.0 = Debug|Any CPU
		{F5AC67CB-8FAC-4208-B29A-49FB2E277EFE}.Release|Any CPU.ActiveCfg = Release|Any CPU
		{F5AC67CB-8FAC-4208-B29A-49FB2E277EFE}.Release|Any CPU.Build.0 = Release|Any CPU
		{7C38E387-6B1C-4AAB-ABDF-1A2174591DEA}.Debug|Any CPU.ActiveCfg = Debug|Any CPU
		{7C38E387-6B1C-4AAB-ABDF-1A2174591DEA}.Debug|Any CPU.Build.0 = Debug|Any CPU
		{7C38E387-6B1C-4AAB-ABDF-1A2174591DEA}.Release|Any CPU.ActiveCfg = Release|Any CPU
		{7C38E387-6B1C-4AAB-ABDF-1A2174591DEA}.Release|Any CPU.Build.0 = Release|Any CPU
	EndGlobalSection
	GlobalSection(SolutionProperties) = preSolution
		HideSolutionNode = FALSE
	EndGlobalSection
	GlobalSection(ExtensibilityGlobals) = postSolution
		SolutionGuid = {60063101-6D68-44A4-A2F3-1EA81F6ABDB2}
	EndGlobalSection
EndGlobal
